
Microsoft Visual Studio Solution File, Format Version 12.00
# Visual Studio Version 16
VisualStudioVersion = 16.0.30717.126
MinimumVisualStudioVersion = 10.0.40219.1
Project("{FAE04EC0-301F-11D3-BF4B-00C04F79EFBC}") = "FrontEndJavaScript", "FrontEndJavaScript\FrontEndJavaScript.csproj", "{865DF440-7573-435F-8538-84D9C04C7360}"
EndProject
Global
	GlobalSection(SolutionConfigurationPlatforms) = preSolution
		Debug|Any CPU = Debug|Any CPU
		Release|Any CPU = Release|Any CPU
	EndGlobalSection
	GlobalSection(ProjectConfigurationPlatforms) = postSolution
		{865DF440-7573-435F-8538-84D9C04C7360}.Debug|Any CPU.ActiveCfg = Debug|Any CPU
		{865DF440-7573-435F-8538-84D9C04C7360}.Debug|Any CPU.Build.0 = Debug|Any CPU
		{865DF440-7573-435F-8538-84D9C04C7360}.Release|Any CPU.ActiveCfg = Release|Any CPU
		{865DF440-7573-435F-8538-84D9C04C7360}.Release|Any CPU.Build.0 = Release|Any CPU
	EndGlobalSection
	GlobalSection(SolutionProperties) = preSolution
		HideSolutionNode = FALSE
	EndGlobalSection
	GlobalSection(ExtensibilityGlobals) = postSolution
		SolutionGuid = {BCAB5BBD-40C9-4F1C-824C-D6D693A7C481}
	EndGlobalSection
EndGlobal
